# This file was autogenerated by Stack.
# You should not edit this file by hand.
# For more information, please see the documentation at:
#   https://docs.haskellstack.org/en/stable/lock_files

packages:
- completed:
    hackage: text-utf8-1.2.3.0@sha256:5c921fdb926f21a654036f2d42c79b04ea4303dbc5f28eabd48423c27ff10816,8127
    pantry-tree:
      size: 7325
      sha256: 96ddb8119b82aab9de1db02e7458bf11e0744e32a06c2a89f17c014e1f95e2bd
  original:
    hackage: text-utf8-1.2.3.0
snapshots:
- completed:
    size: 524130
    url: https://raw.githubusercontent.com/commercialhaskell/stackage-snapshots/master/lts/14/10.yaml
    sha256: 04841e0397d7ce6364f19359fce89aa45ca8684609d665845db80d398002baa9
  original: lts-14.10
